// !$*UTF8*$!
{
	archiveVersion = 1;
	classes = {
	};
	objectVersion = 46;
	objects = {

/* Begin PBXBuildFile section */
		339744D5161D757B003410E2 /* UIKit.framework in Frameworks */ = {isa = PBXBuildFile; fileRef = 339744D4161D757B003410E2 /* UIKit.framework */; };
		339744D7161D757B003410E2 /* Foundation.framework in Frameworks */ = {isa = PBXBuildFile; fileRef = 339744D6161D757B003410E2 /* Foundation.framework */; };
		339744D9161D757B003410E2 /* CoreGraphics.framework in Frameworks */ = {isa = PBXBuildFile; fileRef = 339744D8161D757B003410E2 /* CoreGraphics.framework */; };
		339744DF161D757B003410E2 /* InfoPlist.strings in Resources */ = {isa = PBXBuildFile; fileRef = 339744DD161D757B003410E2 /* InfoPlist.strings */; };
		339744E1161D757B003410E2 /* main.m in Sources */ = {isa = PBXBuildFile; fileRef = 339744E0161D757B003410E2 /* main.m */; };
		339744E5161D757B003410E2 /* AppDelegate.m in Sources */ = {isa = PBXBuildFile; fileRef = 339744E4161D757B003410E2 /* AppDelegate.m */; };
		339744E8161D757B003410E2 /* MainStoryboard.storyboard in Resources */ = {isa = PBXBuildFile; fileRef = 339744E6161D757B003410E2 /* MainStoryboard.storyboard */; };
		339744EB161D757B003410E2 /* ViewController.m in Sources */ = {isa = PBXBuildFile; fileRef = 339744EA161D757B003410E2 /* ViewController.m */; };
		339744F3161D75B9003410E2 /* baseball.jpg in Resources */ = {isa = PBXBuildFile; fileRef = 339744F1161D75B9003410E2 /* baseball.jpg */; };
		339744F4161D75B9003410E2 /* baseball2.jpg in Resources */ = {isa = PBXBuildFile; fileRef = 339744F2161D75B9003410E2 /* baseball2.jpg */; };
/* End PBXBuildFile section */

/* Begin PBXFileReference section */
		339744D0161D757B003410E2 /* ios2121004_slider.app */ = {isa = PBXFileReference; explicitFileType = wrapper.application; includeInIndex = 0; path = ios2121004_slider.app; sourceTree = BUILT_PRODUCTS_DIR; };
		339744D4161D757B003410E2 /* UIKit.framework */ = {isa = PBXFileReference; lastKnownFileType = wrapper.framework; name = UIKit.framework; path = System/Library/Frameworks/UIKit.framework; sourceTree = SDKROOT; };
		339744D6161D757B003410E2 /* Foundation.framework */ = {isa = PBXFileReference; lastKnownFileType = wrapper.framework; name = Foundation.framework; path = System/Library/Frameworks/Foundation.framework; sourceTree = SDKROOT; };
		339744D8161D757B003410E2 /* CoreGraphics.framework */ = {isa = PBXFileReference; lastKnownFileType = wrapper.framework; name = CoreGraphics.framework; path = System/Library/Frameworks/CoreGraphics.framework; sourceTree = SDKROOT; };
		339744DC161D757B003410E2 /* ios2121004_slider-Info.plist */ = {isa = PBXFileReference; lastKnownFileType = text.plist.xml; path = "ios2121004_slider-Info.plist"; sourceTree = "<group>"; };
		339744DE161D757B003410E2 /* en */ = {isa = PBXFileReference; lastKnownFileType = text.plist.strings; name = en; path = en.lproj/InfoPlist.strings; sourceTree = "<group>"; };
		339744E0161D757B003410E2 /* main.m */ = {isa = PBXFileReference; lastKnownFileType = sourcecode.c.objc; path = main.m; sourceTree = "<group>"; };
		339744E2161D757B003410E2 /* ios2121004_slider-Prefix.pch */ = {isa = PBXFileReference; lastKnownFileType = sourcecode.c.h; path = "ios2121004_slider-Prefix.pch"; sourceTree = "<group>"; };
		339744E3161D757B003410E2 /* AppDelegate.h */ = {isa = PBXFileReference; lastKnownFileType = sourcecode.c.h; path = AppDelegate.h; sourceTree = "<group>"; };
		339744E4161D757B003410E2 /* AppDelegate.m */ = {isa = PBXFileReference; lastKnownFileType = sourcecode.c.objc; path = AppDelegate.m; sourceTree = "<group>"; };
		339744E7161D757B003410E2 /* en */ = {isa = PBXFileReference; lastKnownFileType = file.storyboard; name = en; path = en.lproj/MainStoryboard.storyboard; sourceTree = "<group>"; };
		339744E9161D757B003410E2 /* ViewController.h */ = {isa = PBXFileReference; lastKnownFileType = sourcecode.c.h; path = ViewController.h; sourceTree = "<group>"; };
		339744EA161D757B003410E2 /* ViewController.m */ = {isa = PBXFileReference; lastKnownFileType = sourcecode.c.objc; path = ViewController.m; sourceTree = "<group>"; };
		339744F1161D75B9003410E2 /* baseball.jpg */ = {isa = PBXFileReference; lastKnownFileType = image.jpeg; path = baseball.jpg; sourceTree = "<group>"; };
		339744F2161D75B9003410E2 /* baseball2.jpg */ = {isa = PBXFileReference; lastKnownFileType = image.jpeg; path = baseball2.jpg; sourceTree = "<group>"; };
/* End PBXFileReference section */

/* Begin PBXFrameworksBuildPhase section */
		339744CD161D757B003410E2 /* Frameworks */ = {
			isa = PBXFrameworksBuildPhase;
			buildActionMask = 2147483647;
			files = (
				339744D5161D757B003410E2 /* UIKit.framework in Frameworks */,
				339744D7161D757B003410E2 /* Foundation.framework in Frameworks */,
				339744D9161D757B003410E2 /* CoreGraphics.framework in Frameworks */,
			);
			runOnlyForDeploymentPostprocessing = 0;
		};
/* End PBXFrameworksBuildPhase section */

/* Begin PBXGroup section */
		339744C5161D757B003410E2 = {
			isa = PBXGroup;
			children = (
				339744DA161D757B003410E2 /* ios2121004_slider */,
				339744D3161D757B003410E2 /* Frameworks */,
				339744D1161D757B003410E2 /* Products */,
			);
			sourceTree = "<group>";
		};
		339744D1161D757B003410E2 /* Products */ = {
			isa = PBXGroup;
			children = (
				339744D0161D757B003410E2 /* ios2121004_slider.app */,
			);
			name = Products;
			sourceTree = "<group>";
		};
		339744D3161D757B003410E2 /* Frameworks */ = {
			isa = PBXGroup;
			children = (
				339744D4161D757B003410E2 /* UIKit.framework */,
				339744D6161D757B003410E2 /* Foundation.framework */,
				339744D8161D757B003410E2 /* CoreGraphics.framework */,
			);
			name = Frameworks;
			sourceTree = "<group>";
		};
		339744DA161D757B003410E2 /* ios2121004_slider */ = {
			isa = PBXGroup;
			children = (
				339744E3161D757B003410E2 /* AppDelegate.h */,
				339744E4161D757B003410E2 /* AppDelegate.m */,
				339744E6161D757B003410E2 /* MainStoryboard.storyboard */,
				339744E9161D757B003410E2 /* ViewController.h */,
				339744EA161D757B003410E2 /* ViewController.m */,
				339744F1161D75B9003410E2 /* baseball.jpg */,
				339744F2161D75B9003410E2 /* baseball2.jpg */,
				339744DB161D757B003410E2 /* Supporting Files */,
			);
			path = ios2121004_slider;
			sourceTree = "<group>";
		};
		339744DB161D757B003410E2 /* Supporting Files */ = {
			isa = PBXGroup;
			children = (
				339744DC161D757B003410E2 /* ios2121004_slider-Info.plist */,
				339744DD161D757B003410E2 /* InfoPlist.strings */,
				339744E0161D757B003410E2 /* main.m */,
				339744E2161D757B003410E2 /* ios2121004_slider-Prefix.pch */,
			);
			name = "Supporting Files";
			sourceTree = "<group>";
		};
/* End PBXGroup section */

/* Begin PBXNativeTarget section */
		339744CF161D757B003410E2 /* ios2121004_slider */ = {
			isa = PBXNativeTarget;
			buildConfigurationList = 339744EE161D757B003410E2 /* Build configuration list for PBXNativeTarget "ios2121004_slider" */;
			buildPhases = (
				339744CC161D757B003410E2 /* Sources */,
				339744CD161D757B003410E2 /* Frameworks */,
				339744CE161D757B003410E2 /* Resources */,
			);
			buildRules = (
			);
			dependencies = (
			);
			name = ios2121004_slider;
			productName = ios2121004_slider;
			productReference = 339744D0161D757B003410E2 /* ios2121004_slider.app */;
			productType = "com.apple.product-type.application";
		};
/* End PBXNativeTarget section */

/* Begin PBXProject section */
		339744C7161D757B003410E2 /* Project object */ = {
			isa = PBXProject;
			attributes = {
				LastUpgradeCheck = 0430;
			};
			buildConfigurationList = 339744CA161D757B003410E2 /* Build configuration list for PBXProject "ios2121004_slider" */;
			compatibilityVersion = "Xcode 3.2";
			developmentRegion = English;
			hasScannedForEncodings = 0;
			knownRegions = (
				en,
			);
			mainGroup = 339744C5161D757B003410E2;
			productRefGroup = 339744D1161D757B003410E2 /* Products */;
			projectDirPath = "";
			projectRoot = "";
			targets = (
				339744CF161D757B003410E2 /* ios2121004_slider */,
			);
		};
/* End PBXProject section */

/* Begin PBXResourcesBuildPhase section */
		339744CE161D757B003410E2 /* Resources */ = {
			isa = PBXResourcesBuildPhase;
			buildActionMask = 2147483647;
			files = (
				339744DF161D757B003410E2 /* InfoPlist.strings in Resources */,
				339744E8161D757B003410E2 /* MainStoryboard.storyboard in Resources */,
				339744F3161D75B9003410E2 /* baseball.jpg in Resources */,
				339744F4161D75B9003410E2 /* baseball2.jpg in Resources */,
			);
			runOnlyForDeploymentPostprocessing = 0;
		};
/* End PBXResourcesBuildPhase section */

/* Begin PBXSourcesBuildPhase section */
		339744CC161D757B003410E2 /* Sources */ = {
			isa = PBXSourcesBuildPhase;
			buildActionMask = 2147483647;
			files = (
				339744E1161D757B003410E2 /* main.m in Sources */,
				339744E5161D757B003410E2 /* AppDelegate.m in Sources */,
				339744EB161D757B003410E2 /* ViewController.m in Sources */,
			);
			runOnlyForDeploymentPostprocessing = 0;
		};
/* End PBXSourcesBuildPhase section */

/* Begin PBXVariantGroup section */
		339744DD161D757B003410E2 /* InfoPlist.strings */ = {
			isa = PBXVariantGroup;
			children = (
				339744DE161D757B003410E2 /* en */,
			);
			name = InfoPlist.strings;
			sourceTree = "<group>";
		};
		339744E6161D757B003410E2 /* MainStoryboard.storyboard */ = {
			isa = PBXVariantGroup;
			children = (
				339744E7161D757B003410E2 /* en */,
			);
			name = MainStoryboard.storyboard;
			sourceTree = "<group>";
		};
/* End PBXVariantGroup section */

/* Begin XCBuildConfiguration section */
		339744EC161D757B003410E2 /* Debug */ = {
			isa = XCBuildConfiguration;
			buildSettings = {
				ALWAYS_SEARCH_USER_PATHS = NO;
				ARCHS = "$(ARCHS_STANDARD_32_BIT)";
				CLANG_ENABLE_OBJC_ARC = YES;
				"CODE_SIGN_IDENTITY[sdk=iphoneos*]" = "iPhone Developer";
				COPY_PHASE_STRIP = NO;
				GCC_C_LANGUAGE_STANDARD = gnu99;
				GCC_DYNAMIC_NO_PIC = NO;
				GCC_OPTIMIZATION_LEVEL = 0;
				GCC_PREPROCESSOR_DEFINITIONS = (
					"DEBUG=1",
					"$(inherited)",
				);
				GCC_SYMBOLS_PRIVATE_EXTERN = NO;
				GCC_VERSION = com.apple.compilers.llvm.clang.1_0;
				GCC_WARN_ABOUT_RETURN_TYPE = YES;
				GCC_WARN_UNINITIALIZED_AUTOS = YES;
				GCC_WARN_UNUSED_VARIABLE = YES;
				IPHONEOS_DEPLOYMENT_TARGET = 5.1;
				SDKROOT = iphoneos;
			};
			name = Debug;
		};
		339744ED161D757B003410E2 /* Release */ = {
			isa = XCBuildConfiguration;
			buildSettings = {
				ALWAYS_SEARCH_USER_PATHS = NO;
				ARCHS = "$(ARCHS_STANDARD_32_BIT)";
				CLANG_ENABLE_OBJC_ARC = YES;
				"CODE_SIGN_IDENTITY[sdk=iphoneos*]" = "iPhone Developer";
				COPY_PHASE_STRIP = YES;
				GCC_C_LANGUAGE_STANDARD = gnu99;
				GCC_VERSION = com.apple.compilers.llvm.clang.1_0;
				GCC_WARN_ABOUT_RETURN_TYPE = YES;
				GCC_WARN_UNINITIALIZED_AUTOS = YES;
				GCC_WARN_UNUSED_VARIABLE = YES;
				IPHONEOS_DEPLOYMENT_TARGET = 5.1;
				OTHER_CFLAGS = "-DNS_BLOCK_ASSERTIONS=1";
				SDKROOT = iphoneos;
				VALIDATE_PRODUCT = YES;
			};
			name = Release;
		};
		339744EF161D757B003410E2 /* Debug */ = {
			isa = XCBuildConfiguration;
			buildSettings = {
				GCC_PRECOMPILE_PREFIX_HEADER = YES;
				GCC_PREFIX_HEADER = "ios2121004_slider/ios2121004_slider-Prefix.pch";
				INFOPLIST_FILE = "ios2121004_slider/ios2121004_slider-Info.plist";
				PRODUCT_NAME = "$(TARGET_NAME)";
				WRAPPER_EXTENSION = app;
			};
			name = Debug;
		};
		339744F0161D757B003410E2 /* Release */ = {
			isa = XCBuildConfiguration;
			buildSettings = {
				GCC_PRECOMPILE_PREFIX_HEADER = YES;
				GCC_PREFIX_HEADER = "ios2121004_slider/ios2121004_slider-Prefix.pch";
				INFOPLIST_FILE = "ios2121004_slider/ios2121004_slider-Info.plist";
				PRODUCT_NAME = "$(TARGET_NAME)";
				WRAPPER_EXTENSION = app;
			};
			name = Release;
		};
/* End XCBuildConfiguration section */

/* Begin XCConfigurationList section */
		339744CA161D757B003410E2 /* Build configuration list for PBXProject "ios2121004_slider" */ = {
			isa = XCConfigurationList;
			buildConfigurations = (
				339744EC161D757B003410E2 /* Debug */,
				339744ED161D757B003410E2 /* Release */,
			);
			defaultConfigurationIsVisible = 0;
			defaultConfigurationName = Release;
		};
		339744EE161D757B003410E2 /* Build configuration list for PBXNativeTarget "ios2121004_slider" */ = {
			isa = XCConfigurationList;
			buildConfigurations = (
				339744EF161D757B003410E2 /* Debug */,
				339744F0161D757B003410E2 /* Release */,
			);
			defaultConfigurationIsVisible = 0;
		};
/* End XCConfigurationList section */
	};
	rootObject = 339744C7161D757B003410E2 /* Project object */;
}
